
Microsoft Visual Studio Solution File, Format Version 12.00
# Visual Studio Version 16
VisualStudioVersion = 16.0.29020.237
MinimumVisualStudioVersion = 10.0.40219.1
Project("{FAE04EC0-301F-11D3-BF4B-00C04F79EFBC}") = "ListaDeCelulares", "ListaDeCelulares\ListaDeCelulares.csproj", "{164F58C1-D7CA-483F-B025-BB81929CD291}"
EndProject
Global
	GlobalSection(SolutionConfigurationPlatforms) = preSolution
		Debug|Any CPU = Debug|Any CPU
		Release|Any CPU = Release|Any CPU
	EndGlobalSection
	GlobalSection(ProjectConfigurationPlatforms) = postSolution
		{164F58C1-D7CA-483F-B025-BB81929CD291}.Debug|Any CPU.ActiveCfg = Debug|Any CPU
		{164F58C1-D7CA-483F-B025-BB81929CD291}.Debug|Any CPU.Build.0 = Debug|Any CPU
		{164F58C1-D7CA-483F-B025-BB81929CD291}.Release|Any CPU.ActiveCfg = Release|Any CPU
		{164F58C1-D7CA-483F-B025-BB81929CD291}.Release|Any CPU.Build.0 = Release|Any CPU
	EndGlobalSection
	GlobalSection(SolutionProperties) = preSolution
		HideSolutionNode = FALSE
	EndGlobalSection
	GlobalSection(ExtensibilityGlobals) = postSolution
		SolutionGuid = {2D715D30-45D1-4993-8520-30F8B043F690}
	EndGlobalSection
EndGlobal
