
Microsoft Visual Studio Solution File, Format Version 12.00
# Visual Studio Version 16
VisualStudioVersion = 16.0.29020.237
MinimumVisualStudioVersion = 10.0.40219.1
Project("{FAE04EC0-301F-11D3-BF4B-00C04F79EFBC}") = "RegistroCivilDeNomes", "RegistroCivilDeNomes\RegistroCivilDeNomes.csproj", "{24AE5B85-E337-447A-921A-9B8B7D941405}"
EndProject
Global
	GlobalSection(SolutionConfigurationPlatforms) = preSolution
		Debug|Any CPU = Debug|Any CPU
		Release|Any CPU = Release|Any CPU
	EndGlobalSection
	GlobalSection(ProjectConfigurationPlatforms) = postSolution
		{24AE5B85-E337-447A-921A-9B8B7D941405}.Debug|Any CPU.ActiveCfg = Debug|Any CPU
		{24AE5B85-E337-447A-921A-9B8B7D941405}.Debug|Any CPU.Build.0 = Debug|Any CPU
		{24AE5B85-E337-447A-921A-9B8B7D941405}.Release|Any CPU.ActiveCfg = Release|Any CPU
		{24AE5B85-E337-447A-921A-9B8B7D941405}.Release|Any CPU.Build.0 = Release|Any CPU
	EndGlobalSection
	GlobalSection(SolutionProperties) = preSolution
		HideSolutionNode = FALSE
	EndGlobalSection
	GlobalSection(ExtensibilityGlobals) = postSolution
		SolutionGuid = {701AB84D-7E47-47AD-8F43-17F4B962FBE3}
	EndGlobalSection
EndGlobal
