
Microsoft Visual Studio Solution File, Format Version 12.00
# Visual Studio Version 16
VisualStudioVersion = 16.0.29020.237
MinimumVisualStudioVersion = 10.0.40219.1
Project("{FAE04EC0-301F-11D3-BF4B-00C04F79EFBC}") = "BancoDeDadosinnerJoin", "BancoDeDadosinnerJoin\BancoDeDadosinnerJoin.csproj", "{B0176063-9ECE-4087-B5F1-C841C34E960C}"
EndProject
Global
	GlobalSection(SolutionConfigurationPlatforms) = preSolution
		Debug|Any CPU = Debug|Any CPU
		Release|Any CPU = Release|Any CPU
	EndGlobalSection
	GlobalSection(ProjectConfigurationPlatforms) = postSolution
		{B0176063-9ECE-4087-B5F1-C841C34E960C}.Debug|Any CPU.ActiveCfg = Debug|Any CPU
		{B0176063-9ECE-4087-B5F1-C841C34E960C}.Debug|Any CPU.Build.0 = Debug|Any CPU
		{B0176063-9ECE-4087-B5F1-C841C34E960C}.Release|Any CPU.ActiveCfg = Release|Any CPU
		{B0176063-9ECE-4087-B5F1-C841C34E960C}.Release|Any CPU.Build.0 = Release|Any CPU
	EndGlobalSection
	GlobalSection(SolutionProperties) = preSolution
		HideSolutionNode = FALSE
	EndGlobalSection
	GlobalSection(ExtensibilityGlobals) = postSolution
		SolutionGuid = {838A5D3E-9D4D-4BC5-B697-8E4618D39767}
	EndGlobalSection
EndGlobal
