
Microsoft Visual Studio Solution File, Format Version 12.00
# Visual Studio Version 16
VisualStudioVersion = 16.0.29020.237
MinimumVisualStudioVersion = 10.0.40219.1
Project("{FAE04EC0-301F-11D3-BF4B-00C04F79EFBC}") = "CadasTroDePessoa", "CadasTroDePessoa\CadasTroDePessoa.csproj", "{955D871A-F7AB-4F6F-8C87-C20917A5404E}"
EndProject
Global
	GlobalSection(SolutionConfigurationPlatforms) = preSolution
		Debug|Any CPU = Debug|Any CPU
		Release|Any CPU = Release|Any CPU
	EndGlobalSection
	GlobalSection(ProjectConfigurationPlatforms) = postSolution
		{955D871A-F7AB-4F6F-8C87-C20917A5404E}.Debug|Any CPU.ActiveCfg = Debug|Any CPU
		{955D871A-F7AB-4F6F-8C87-C20917A5404E}.Debug|Any CPU.Build.0 = Debug|Any CPU
		{955D871A-F7AB-4F6F-8C87-C20917A5404E}.Release|Any CPU.ActiveCfg = Release|Any CPU
		{955D871A-F7AB-4F6F-8C87-C20917A5404E}.Release|Any CPU.Build.0 = Release|Any CPU
	EndGlobalSection
	GlobalSection(SolutionProperties) = preSolution
		HideSolutionNode = FALSE
	EndGlobalSection
	GlobalSection(ExtensibilityGlobals) = postSolution
		SolutionGuid = {2B86F7DD-8333-42CF-B494-FD03EE83D33F}
	EndGlobalSection
EndGlobal
