
Microsoft Visual Studio Solution File, Format Version 12.00
# Visual Studio Version 16
VisualStudioVersion = 16.0.29020.237
MinimumVisualStudioVersion = 10.0.40219.1
Project("{FAE04EC0-301F-11D3-BF4B-00C04F79EFBC}") = "SistemaDeCoresGiomar", "SistemaDeCoresGiomar\SistemaDeCoresGiomar.csproj", "{9BC15DAB-8313-4678-ABB1-74450AFC7F65}"
EndProject
Global
	GlobalSection(SolutionConfigurationPlatforms) = preSolution
		Debug|Any CPU = Debug|Any CPU
		Release|Any CPU = Release|Any CPU
	EndGlobalSection
	GlobalSection(ProjectConfigurationPlatforms) = postSolution
		{9BC15DAB-8313-4678-ABB1-74450AFC7F65}.Debug|Any CPU.ActiveCfg = Debug|Any CPU
		{9BC15DAB-8313-4678-ABB1-74450AFC7F65}.Debug|Any CPU.Build.0 = Debug|Any CPU
		{9BC15DAB-8313-4678-ABB1-74450AFC7F65}.Release|Any CPU.ActiveCfg = Release|Any CPU
		{9BC15DAB-8313-4678-ABB1-74450AFC7F65}.Release|Any CPU.Build.0 = Release|Any CPU
	EndGlobalSection
	GlobalSection(SolutionProperties) = preSolution
		HideSolutionNode = FALSE
	EndGlobalSection
	GlobalSection(ExtensibilityGlobals) = postSolution
		SolutionGuid = {258AE58B-1E94-4582-A7FC-C4A29A07F939}
	EndGlobalSection
EndGlobal
